
Microsoft Visual Studio Solution File, Format Version 12.00
# Visual Studio 2013
VisualStudioVersion = 12.0.21005.1
MinimumVisualStudioVersion = 10.0.40219.1
Project("{8BC9CEB8-8B4A-11D0-8D11-00A0C91BC942}") = "Lecture_Example", "Lecture_Example\Lecture_Example.vcxproj", "{7D83C464-F29F-4C0F-AEEF-725D1CAD5C57}"
EndProject
Project("{8BC9CEB8-8B4A-11D0-8D11-00A0C91BC942}") = "Swap_Arrays", "Swap_Arrays\Swap_Arrays.vcxproj", "{62D5F4A2-DAD0-4EFD-8FA1-536D084E51E6}"
EndProject
Project("{8BC9CEB8-8B4A-11D0-8D11-00A0C91BC942}") = "AddItemToArray", "AddItemToArray\AddItemToArray.vcxproj", "{E3FB8D50-2056-44CB-9954-B0614F327A1A}"
EndProject
Project("{8BC9CEB8-8B4A-11D0-8D11-00A0C91BC942}") = "ReturningAnArray", "ReturningAnArray\ReturningAnArray.vcxproj", "{737C6677-C6C2-489D-9D93-35E70DA406ED}"
EndProject
Project("{8BC9CEB8-8B4A-11D0-8D11-00A0C91BC942}") = "FinishedAddItem", "FinishedAddItem\FinishedAddItem.vcxproj", "{D37D77CE-AC45-4CBC-99B8-2043C6FDA90A}"
EndProject
Project("{8BC9CEB8-8B4A-11D0-8D11-00A0C91BC942}") = "Final_Swap", "Final_Swap\Final_Swap.vcxproj", "{9F9E9BDD-5EEE-4487-839A-B6CADEC9994D}"
EndProject
Global
	GlobalSection(SolutionConfigurationPlatforms) = preSolution
		Debug|Win32 = Debug|Win32
		Release|Win32 = Release|Win32
	EndGlobalSection
	GlobalSection(ProjectConfigurationPlatforms) = postSolution
		{7D83C464-F29F-4C0F-AEEF-725D1CAD5C57}.Debug|Win32.ActiveCfg = Debug|Win32
		{7D83C464-F29F-4C0F-AEEF-725D1CAD5C57}.Debug|Win32.Build.0 = Debug|Win32
		{7D83C464-F29F-4C0F-AEEF-725D1CAD5C57}.Release|Win32.ActiveCfg = Release|Win32
		{7D83C464-F29F-4C0F-AEEF-725D1CAD5C57}.Release|Win32.Build.0 = Release|Win32
		{62D5F4A2-DAD0-4EFD-8FA1-536D084E51E6}.Debug|Win32.ActiveCfg = Debug|Win32
		{62D5F4A2-DAD0-4EFD-8FA1-536D084E51E6}.Debug|Win32.Build.0 = Debug|Win32
		{62D5F4A2-DAD0-4EFD-8FA1-536D084E51E6}.Release|Win32.ActiveCfg = Release|Win32
		{62D5F4A2-DAD0-4EFD-8FA1-536D084E51E6}.Release|Win32.Build.0 = Release|Win32
		{E3FB8D50-2056-44CB-9954-B0614F327A1A}.Debug|Win32.ActiveCfg = Debug|Win32
		{E3FB8D50-2056-44CB-9954-B0614F327A1A}.Debug|Win32.Build.0 = Debug|Win32
		{E3FB8D50-2056-44CB-9954-B0614F327A1A}.Release|Win32.ActiveCfg = Release|Win32
		{E3FB8D50-2056-44CB-9954-B0614F327A1A}.Release|Win32.Build.0 = Release|Win32
		{737C6677-C6C2-489D-9D93-35E70DA406ED}.Debug|Win32.ActiveCfg = Debug|Win32
		{737C6677-C6C2-489D-9D93-35E70DA406ED}.Debug|Win32.Build.0 = Debug|Win32
		{737C6677-C6C2-489D-9D93-35E70DA406ED}.Release|Win32.ActiveCfg = Release|Win32
		{737C6677-C6C2-489D-9D93-35E70DA406ED}.Release|Win32.Build.0 = Release|Win32
		{D37D77CE-AC45-4CBC-99B8-2043C6FDA90A}.Debug|Win32.ActiveCfg = Debug|Win32
		{D37D77CE-AC45-4CBC-99B8-2043C6FDA90A}.Debug|Win32.Build.0 = Debug|Win32
		{D37D77CE-AC45-4CBC-99B8-2043C6FDA90A}.Release|Win32.ActiveCfg = Release|Win32
		{D37D77CE-AC45-4CBC-99B8-2043C6FDA90A}.Release|Win32.Build.0 = Release|Win32
		{9F9E9BDD-5EEE-4487-839A-B6CADEC9994D}.Debug|Win32.ActiveCfg = Debug|Win32
		{9F9E9BDD-5EEE-4487-839A-B6CADEC9994D}.Debug|Win32.Build.0 = Debug|Win32
		{9F9E9BDD-5EEE-4487-839A-B6CADEC9994D}.Release|Win32.ActiveCfg = Release|Win32
		{9F9E9BDD-5EEE-4487-839A-B6CADEC9994D}.Release|Win32.Build.0 = Release|Win32
	EndGlobalSection
	GlobalSection(SolutionProperties) = preSolution
		HideSolutionNode = FALSE
	EndGlobalSection
EndGlobal
